
Microsoft Visual Studio Solution File, Format Version 12.00
# Visual Studio Version 17
VisualStudioVersion = 17.4.33205.214
MinimumVisualStudioVersion = 10.0.40219.1
Project("{FAE04EC0-301F-11D3-BF4B-00C04F79EFBC}") = "AppStore", "AppStore\AppStore.csproj", "{CFE39F19-049E-4923-9CC7-E776A7EA1EE7}"
EndProject
Global
	GlobalSection(SolutionConfigurationPlatforms) = preSolution
		Debug|Any CPU = Debug|Any CPU
		Release|Any CPU = Release|Any CPU
	EndGlobalSection
	GlobalSection(ProjectConfigurationPlatforms) = postSolution
		{CFE39F19-049E-4923-9CC7-E776A7EA1EE7}.Debug|Any CPU.ActiveCfg = Debug|Any CPU
		{CFE39F19-049E-4923-9CC7-E776A7EA1EE7}.Debug|Any CPU.Build.0 = Debug|Any CPU
		{CFE39F19-049E-4923-9CC7-E776A7EA1EE7}.Release|Any CPU.ActiveCfg = Release|Any CPU
		{CFE39F19-049E-4923-9CC7-E776A7EA1EE7}.Release|Any CPU.Build.0 = Release|Any CPU
	EndGlobalSection
	GlobalSection(SolutionProperties) = preSolution
		HideSolutionNode = FALSE
	EndGlobalSection
	GlobalSection(ExtensibilityGlobals) = postSolution
		SolutionGuid = {FAE38AC9-04D6-498D-AB46-68F9A1198D7B}
	EndGlobalSection
EndGlobal
